# THIS IS AN AUTOGENERATED FILE. DO NOT EDIT THIS FILE DIRECTLY.
# yarn lockfile v1


"@apollo/client@^v3.3.7":
  version "3.3.10"
  resolved "https://registry.yarnpkg.com/@apollo/client/-/client-3.3.10.tgz#4fbba049e6b92ac47638cb472db9e653462fa514"
  integrity sha512-OL5y8q5evSbvsqMAHKZJgfgB/MS9PLGF7f0MtHEkGGCDvmcmA81lsjYwk0xpDm/3XdnrYp/duN2tYUu2LnpJmw==
  dependencies:
    "@graphql-typed-document-node/core" "^3.0.0"
    "@types/zen-observable" "^0.8.0"
    "@wry/context" "^0.5.2"
    "@wry/equality" "^0.3.0"
    fast-json-stable-stringify "^2.0.0"
    graphql-tag "^2.12.0"
    hoist-non-react-statics "^3.3.2"
    optimism "^0.14.0"
    prop-types "^15.7.2"
    symbol-observable "^2.0.0"
    ts-invariant "^0.6.0"
    tslib "^1.10.0"
    zen-observable "^0.8.14"

"@babel/helper-validator-identifier@^7.12.11":
  version "7.12.11"
  resolved "https://registry.yarnpkg.com/@babel/helper-validator-identifier/-/helper-validator-identifier-7.12.11.tgz#c9a1f021917dcb5ccf0d4e453e399022981fc9ed"
  integrity sha512-np/lG3uARFybkoHokJUmf1QfEvRVCPbmQeUQpKow5cQ3xWrV9i3rUHodKDJPQfTVX61qKi+UdYk8kik84n7XOw==

"@babel/parser@^7.12.0":
  version "7.12.16"
  resolved "https://registry.yarnpkg.com/@babel/parser/-/parser-7.12.16.tgz#cc31257419d2c3189d394081635703f549fc1ed4"
  integrity sha512-c/+u9cqV6F0+4Hpq01jnJO+GLp2DdT63ppz9Xa+6cHaajM9VFzK/iDXiKK65YtpeVwu+ctfS6iqlMqRgQRzeCw==

"@babel/types@^7.12.0":
  version "7.12.13"
  resolved "https://registry.yarnpkg.com/@babel/types/-/types-7.12.13.tgz#8be1aa8f2c876da11a9cf650c0ecf656913ad611"
  integrity sha512-oKrdZTld2im1z8bDwTOQvUbxKwE+854zc16qWZQlcTqMN00pWxHQ4ZeOq0yDMnisOpRykH2/5Qqcrk/OlbAjiQ==
  dependencies:
    "@babel/helper-validator-identifier" "^7.12.11"
    lodash "^4.17.19"
    to-fast-properties "^2.0.0"

"@graphql-typed-document-node/core@^3.0.0":
  version "3.1.0"
  resolved "https://registry.yarnpkg.com/@graphql-typed-document-node/core/-/core-3.1.0.tgz#0eee6373e11418bfe0b5638f654df7a4ca6a3950"
  integrity sha512-wYn6r8zVZyQJ6rQaALBEln5B1pzxb9shV5Ef97kTvn6yVGrqyXVnDqnU24MXnFubR+rZjBY9NWuxX3FB2sTsjg==

"@types/ungap__global-this@^0.3.1":
  version "0.3.1"
  resolved "https://registry.yarnpkg.com/@types/ungap__global-this/-/ungap__global-this-0.3.1.tgz#18ce9f657da556037a29d50604335614ce703f4c"
  integrity sha512-+/DsiV4CxXl6ZWefwHZDXSe1Slitz21tom38qPCaG0DYCS1NnDPIQDTKcmQ/tvK/edJUKkmuIDBJbmKDiB0r/g==

"@types/zen-observable@^0.8.0":
  version "0.8.2"
  resolved "https://registry.yarnpkg.com/@types/zen-observable/-/zen-observable-0.8.2.tgz#808c9fa7e4517274ed555fa158f2de4b4f468e71"
  integrity sha512-HrCIVMLjE1MOozVoD86622S7aunluLb2PJdPfb3nYiEtohm8mIB/vyv0Fd37AdeMFrTUQXEunw78YloMA3Qilg==

"@ungap/global-this@^0.4.2":
  version "0.4.4"
  resolved "https://registry.yarnpkg.com/@ungap/global-this/-/global-this-0.4.4.tgz#8a1b2cfcd3e26e079a847daba879308c924dd695"
  integrity sha512-mHkm6FvepJECMNthFuIgpAEFmPOk71UyXuIxYfjytvFTnSDBIz7jmViO+LfHI/AjrazWije0PnSP3+/NlwzqtA==

"@vue/apollo-components@^4.0.0-alpha.11":
  version "4.0.0-alpha.11"
  resolved "https://registry.yarnpkg.com/@vue/apollo-components/-/apollo-components-4.0.0-alpha.11.tgz#cb0ebdbc1a5f8d194e26c438cc35dbdad83ccc9f"
  integrity sha512-3xFe0wpJlSJUbtSSXhQmkfyIMAArfBpPWh2V6D+RtuIp/WLSpeavRBxoq9NVBNud9aXoAUsAdBheQim5tFed1A==
  dependencies:
    "@vue/apollo-option" "^4.0.0-alpha.11"

"@vue/apollo-composable@^4.0.0-alpha.12":
  version "4.0.0-alpha.12"
  resolved "https://registry.yarnpkg.com/@vue/apollo-composable/-/apollo-composable-4.0.0-alpha.12.tgz#5aab61bf9703a039e95ef60ecb2293e1da80c87f"
  integrity sha512-BhCHhDgcDPkKOE3ILb7xIGI98dAsX2Ao3TvOjcMlr89IOK3TuD5B9xgPTsFdctTbupWIVdR/n0FDVXjha7g5iA==
  dependencies:
    throttle-debounce "^2.3.0"
    vue-demi "^0.4.0"

"@vue/apollo-option@^4.0.0-alpha.11":
  version "4.0.0-alpha.11"
  resolved "https://registry.yarnpkg.com/@vue/apollo-option/-/apollo-option-4.0.0-alpha.11.tgz#b4ecac2d1ac40271cb7f20683fb8e4c85974329a"
  integrity sha512-IU458Y2cH/eo3RYXyoEoozyRxEgUz/BLC96DQAQKiEc7hFkE6I0g/VZu4tVIP0Od1/ivezdGaAPEVPA2AxE1ug==
  dependencies:
    throttle-debounce "^2.3.0"

"@vue/compiler-core@3.0.5":
  version "3.0.5"
  resolved "https://registry.yarnpkg.com/@vue/compiler-core/-/compiler-core-3.0.5.tgz#a6e54cabe9536e74c6513acd2649f311af1d43ac"
  integrity sha512-iFXwk2gmU/GGwN4hpBwDWWMLvpkIejf/AybcFtlQ5V1ur+5jwfBaV0Y1RXoR6ePfBPJixtKZ3PmN+M+HgMAtfQ==
  dependencies:
    "@babel/parser" "^7.12.0"
    "@babel/types" "^7.12.0"
    "@vue/shared" "3.0.5"
    estree-walker "^2.0.1"
    source-map "^0.6.1"

"@vue/compiler-dom@3.0.5":
  version "3.0.5"
  resolved "https://registry.yarnpkg.com/@vue/compiler-dom/-/compiler-dom-3.0.5.tgz#7885a13e6d18f64dde8ebceec052ed2c102696c2"
  integrity sha512-HSOSe2XSPuCkp20h4+HXSiPH9qkhz6YbW9z9ZtL5vef2T2PMugH7/osIFVSrRZP/Ul5twFZ7MIRlp8tPX6e4/g==
  dependencies:
    "@vue/compiler-core" "3.0.5"
    "@vue/shared" "3.0.5"

"@vue/composition-api@^1.0.0-rc.1":
  version "1.0.0-rc.1"
  resolved "https://registry.yarnpkg.com/@vue/composition-api/-/composition-api-1.0.0-rc.1.tgz#d5286bbaffcd1987e56d5e3a9f26bfb6023e7c41"
  integrity sha512-6I5LkfA+VvVOLZufRugzQ5sWKQH81/Cr9gRLidDSeUmjRPolEEWgG4MAnWtBR5zgP5qbRMwZJ4IEYtKhnadMQQ==
  dependencies:
    tslib "^2.0.3"

"@vue/reactivity@3.0.5":
  version "3.0.5"
  resolved "https://registry.yarnpkg.com/@vue/reactivity/-/reactivity-3.0.5.tgz#e3789e4d523d845f9ae0b4d770e2b45594742fd2"
  integrity sha512-3xodUE3sEIJgS7ntwUbopIpzzvi7vDAOjVamfb2l+v1FUg0jpd3gf62N2wggJw3fxBMr+QvyxpD+dBoxLsmAjw==
  dependencies:
    "@vue/shared" "3.0.5"

"@vue/runtime-core@3.0.5":
  version "3.0.5"
  resolved "https://registry.yarnpkg.com/@vue/runtime-core/-/runtime-core-3.0.5.tgz#da6331d5f300d5794e9e0ebdc8a8bd72a9e19962"
  integrity sha512-Cnyi2NqREwOLcTEsIi1DQX1hHtkVj4eGm4hBG7HhokS05DqpK4/80jG6PCCnCH9rIJDB2FqtaODX397210plXg==
  dependencies:
    "@vue/reactivity" "3.0.5"
    "@vue/shared" "3.0.5"

"@vue/runtime-dom@3.0.5":
  version "3.0.5"
  resolved "https://registry.yarnpkg.com/@vue/runtime-dom/-/runtime-dom-3.0.5.tgz#1ce2c9c449e26ab06963da0064096e882a7a8935"
  integrity sha512-iilX1KySeIzHHtErT6Y44db1rhWK5tAI0CiJIPr+SJoZ2jbjoOSE6ff/jfIQakchbm1d6jq6VtRVnp5xYdOXKA==
  dependencies:
    "@vue/runtime-core" "3.0.5"
    "@vue/shared" "3.0.5"
    csstype "^2.6.8"

"@vue/shared@3.0.5":
  version "3.0.5"
  resolved "https://registry.yarnpkg.com/@vue/shared/-/shared-3.0.5.tgz#c131d88bd6713cc4d93b3bb1372edb1983225ff0"
  integrity sha512-gYsNoGkWejBxNO6SNRjOh/xKeZ0H0V+TFzaPzODfBjkAIb0aQgBuixC1brandC/CDJy1wYPwSoYrXpvul7m6yw==

"@wry/context@^0.5.2":
  version "0.5.4"
  resolved "https://registry.yarnpkg.com/@wry/context/-/context-0.5.4.tgz#b6c28038872e0a0e1ff14eb40b5bf4cab2ab4e06"
  integrity sha512-/pktJKHUXDr4D6TJqWgudOPJW2Z+Nb+bqk40jufA3uTkLbnCRKdJPiYDIa/c7mfcPH8Hr6O8zjCERpg5Sq04Zg==
  dependencies:
    tslib "^1.14.1"

"@wry/equality@^0.3.0":
  version "0.3.2"
  resolved "https://registry.yarnpkg.com/@wry/equality/-/equality-0.3.2.tgz#566a8d05225f1e559fc6589c8b50fa085413c6be"
  integrity sha512-yi0VRqw+ygqM/WVZUze5meAhe2evOHBFXqK8onNVdNNB+Tyn8/07FZpeDklECBHeT9KN9DY2JpCVGNQY6RCRDg==
  dependencies:
    tslib "^1.14.1"

"@wry/trie@^0.2.1":
  version "0.2.2"
  resolved "https://registry.yarnpkg.com/@wry/trie/-/trie-0.2.2.tgz#99f20f0fcbbcda17006069b155c826cbabfc402f"
  integrity sha512-OxqBB39x6MfHaa2HpMiRMfhuUnQTddD32Ko020eBeJXq87ivX6xnSSnzKHVbA21p7iqBASz8n/07b6W5wW1BVQ==
  dependencies:
    tslib "^1.14.1"

clone-deep@^4.0.1:
  version "4.0.1"
  resolved "https://registry.yarnpkg.com/clone-deep/-/clone-deep-4.0.1.tgz#c19fd9bdbbf85942b4fd979c84dcf7d5f07c2387"
  integrity sha512-neHB9xuzh/wk0dIHweyAXv2aPGZIVk3pLMe+/RNzINf17fe0OG96QroktYAUm7SM1PBnzTabaLboqqxDyMU+SQ==
  dependencies:
    is-plain-object "^2.0.4"
    kind-of "^6.0.2"
    shallow-clone "^3.0.0"

csstype@^2.6.8:
  version "2.6.14"
  resolved "https://registry.yarnpkg.com/csstype/-/csstype-2.6.14.tgz#004822a4050345b55ad4dcc00be1d9cf2f4296de"
  integrity sha512-2mSc+VEpGPblzAxyeR+vZhJKgYg0Og0nnRi7pmRXFYYxSfnOnW8A5wwQb4n4cE2nIOzqKOAzLCaEX6aBmNEv8A==

estree-walker@^2.0.1:
  version "2.0.2"
  resolved "https://registry.yarnpkg.com/estree-walker/-/estree-walker-2.0.2.tgz#52f010178c2a4c117a7757cfe942adb7d2da4cac"
  integrity sha512-Rfkk/Mp/DL7JVje3u18FxFujQlTNR2q6QfMSMB7AvCBx91NGj/ba3kCfza0f6dVDbw7YlRf/nDrn7pQrCCyQ/w==

fast-json-stable-stringify@^2.0.0:
  version "2.1.0"
  resolved "https://registry.yarnpkg.com/fast-json-stable-stringify/-/fast-json-stable-stringify-2.1.0.tgz#874bf69c6f404c2b5d99c481341399fd55892633"
  integrity sha512-lhd/wF+Lk98HZoTCtlVraHtfh5XYijIjalXck7saUtuanSDyLMxnHhSXEDJqHxD7msR8D0uCmqlkwjCV8xvwHw==

graphql-tag@^2.11.0:
  version "2.11.0"
  resolved "https://registry.yarnpkg.com/graphql-tag/-/graphql-tag-2.11.0.tgz#1deb53a01c46a7eb401d6cb59dec86fa1cccbffd"
  integrity sha512-VmsD5pJqWJnQZMUeRwrDhfgoyqcfwEkvtpANqcoUG8/tOLkwNgU9mzub/Mc78OJMhHjx7gfAMTxzdG43VGg3bA==

graphql-tag@^2.12.0:
  version "2.12.1"
  resolved "https://registry.yarnpkg.com/graphql-tag/-/graphql-tag-2.12.1.tgz#b065ef885e4800e4afd0842811b718a205f4aa58"
  integrity sha512-LPewEE1vzGkHnCO8zdOGogKsHHBdtpGyihow1UuMwp6RnZa0lAS7NcbvltLOuo4pi5diQCPASAXZkQq44ffixA==
  dependencies:
    tslib "^1.14.1"

graphql@^15.4.0:
  version "15.5.0"
  resolved "https://registry.yarnpkg.com/graphql/-/graphql-15.5.0.tgz#39d19494dbe69d1ea719915b578bf920344a69d5"
  integrity sha512-OmaM7y0kaK31NKG31q4YbD2beNYa6jBBKtMFT6gLYJljHLJr42IqJ8KX08u3Li/0ifzTU5HjmoOOrwa5BRLeDA==

hoist-non-react-statics@^3.3.2:
  version "3.3.2"
  resolved "https://registry.yarnpkg.com/hoist-non-react-statics/-/hoist-non-react-statics-3.3.2.tgz#ece0acaf71d62c2969c2ec59feff42a4b1a85b45"
  integrity sha512-/gGivxi8JPKWNm/W0jSmzcMPpfpPLc3dY/6GxhX2hQ9iGj3aDfklV4ET7NjKpSinLpJ5vafa9iiGIEZg10SfBw==
  dependencies:
    react-is "^16.7.0"

is-plain-object@^2.0.4:
  version "2.0.4"
  resolved "https://registry.yarnpkg.com/is-plain-object/-/is-plain-object-2.0.4.tgz#2c163b3fafb1b606d9d17928f05c2a1c38e07677"
  integrity sha512-h5PpgXkWitc38BBMYawTYMWJHFZJVnBquFE57xFpjB8pJFiF6gZ+bU+WyI/yqXiFR5mdLsgYNaPe8uao6Uv9Og==
  dependencies:
    isobject "^3.0.1"

isobject@^3.0.1:
  version "3.0.1"
  resolved "https://registry.yarnpkg.com/isobject/-/isobject-3.0.1.tgz#4e431e92b11a9731636aa1f9c8d1ccbcfdab78df"
  integrity sha1-TkMekrEalzFjaqH5yNHMvP2reN8=

"js-tokens@^3.0.0 || ^4.0.0":
  version "4.0.0"
  resolved "https://registry.yarnpkg.com/js-tokens/-/js-tokens-4.0.0.tgz#19203fb59991df98e3a287050d4647cdeaf32499"
  integrity sha512-RdJUflcE3cUzKiMqQgsCu06FPu9UdIJO0beYbPhHN4k6apgJtifcoCtT9bcxOpYBtpD2kCM6Sbzg4CausW/PKQ==

kind-of@^6.0.2:
  version "6.0.3"
  resolved "https://registry.yarnpkg.com/kind-of/-/kind-of-6.0.3.tgz#07c05034a6c349fa06e24fa35aa76db4580ce4dd"
  integrity sha512-dcS1ul+9tmeD95T+x28/ehLgd9mENa3LsvDTtzm3vyBEO7RPptvAD+t44WVXaUjTBRcrpFeFlC8WCruUR456hw==

lodash@^4.17.19:
  version "4.17.20"
  resolved "https://registry.yarnpkg.com/lodash/-/lodash-4.17.20.tgz#b44a9b6297bcb698f1c51a3545a2b3b368d59c52"
  integrity sha512-PlhdFcillOINfeV7Ni6oF1TAEayyZBoZ8bcshTHqOYJYlrqzRK5hagpagky5o4HfCzzd1TRkXPMFq6cKk9rGmA==

loose-envify@^1.4.0:
  version "1.4.0"
  resolved "https://registry.yarnpkg.com/loose-envify/-/loose-envify-1.4.0.tgz#71ee51fa7be4caec1a63839f7e682d8132d30caf"
  integrity sha512-lyuxPGr/Wfhrlem2CL/UcnUc1zcqKAImBDzukY7Y5F/yQiNdko6+fRLevlw1HgMySw7f611UIY408EtxRSoK3Q==
  dependencies:
    js-tokens "^3.0.0 || ^4.0.0"

node-fetch@^2.6.0:
  version "2.6.1"
  resolved "https://registry.yarnpkg.com/node-fetch/-/node-fetch-2.6.1.tgz#045bd323631f76ed2e2b55573394416b639a0052"
  integrity sha512-V4aYg89jEoVRxRb2fJdAg8FHvI7cEyYdVAh94HH0UIK8oJxUfkjlDQN9RbMx+bEjP7+ggMiFRprSti032Oipxw==

object-assign@^4.1.1:
  version "4.1.1"
  resolved "https://registry.yarnpkg.com/object-assign/-/object-assign-4.1.1.tgz#2109adc7965887cfc05cbbd442cac8bfbb360863"
  integrity sha1-IQmtx5ZYh8/AXLvUQsrIv7s2CGM=

optimism@^0.14.0:
  version "0.14.0"
  resolved "https://registry.yarnpkg.com/optimism/-/optimism-0.14.0.tgz#256fb079a3428585b40a3a8462f907e0abd2fc49"
  integrity sha512-ygbNt8n4DOCVpkwiLF+IrKKeNHOjtr9aXLWGP9HNJGoblSGsnVbJLstcH6/nE9Xy5ZQtlkSioFQNnthmENW6FQ==
  dependencies:
    "@wry/context" "^0.5.2"
    "@wry/trie" "^0.2.1"

prop-types@^15.7.2:
  version "15.7.2"
  resolved "https://registry.yarnpkg.com/prop-types/-/prop-types-15.7.2.tgz#52c41e75b8c87e72b9d9360e0206b99dcbffa6c5"
  integrity sha512-8QQikdH7//R2vurIJSutZ1smHYTcLpRWEOlHnzcWHmBYrOGUysKwSsrC89BCiFj3CbrfJ/nXFdJepOVrY1GCHQ==
  dependencies:
    loose-envify "^1.4.0"
    object-assign "^4.1.1"
    react-is "^16.8.1"

react-is@^16.7.0, react-is@^16.8.1:
  version "16.13.1"
  resolved "https://registry.yarnpkg.com/react-is/-/react-is-16.13.1.tgz#789729a4dc36de2999dc156dd6c1d9c18cea56a4"
  integrity sha512-24e6ynE2H+OKt4kqsOvNd8kBpV65zoxbA4BVsEOB3ARVWQki/DHzaUoC5KuON/BiccDaCCTZBuOcfZs70kR8bQ==

shallow-clone@^3.0.0:
  version "3.0.1"
  resolved "https://registry.yarnpkg.com/shallow-clone/-/shallow-clone-3.0.1.tgz#8f2981ad92531f55035b01fb230769a40e02efa3"
  integrity sha512-/6KqX+GVUdqPuPPd2LxDDxzX6CAbjJehAAOKlNpqqUpAqPM6HeL8f+o3a+JsyGjn2lv0WY8UsTgUJjU9Ok55NA==
  dependencies:
    kind-of "^6.0.2"

source-map@^0.6.1:
  version "0.6.1"
  resolved "https://registry.yarnpkg.com/source-map/-/source-map-0.6.1.tgz#74722af32e9614e9c287a8d0bbde48b5e2f1a263"
  integrity sha512-UjgapumWlbMhkBgzT7Ykc5YXUT46F0iKu8SGXq0bcwP5dz/h0Plj6enJqjz1Zbq2l5WaqYnrVbwWOWMyF3F47g==

symbol-observable@^2.0.0:
  version "2.0.3"
  resolved "https://registry.yarnpkg.com/symbol-observable/-/symbol-observable-2.0.3.tgz#5b521d3d07a43c351055fa43b8355b62d33fd16a"
  integrity sha512-sQV7phh2WCYAn81oAkakC5qjq2Ml0g8ozqz03wOGnx9dDlG1de6yrF+0RAzSJD8fPUow3PTSMf2SAbOGxb93BA==

throttle-debounce@^2.3.0:
  version "2.3.0"
  resolved "https://registry.yarnpkg.com/throttle-debounce/-/throttle-debounce-2.3.0.tgz#fd31865e66502071e411817e241465b3e9c372e2"
  integrity sha512-H7oLPV0P7+jgvrk+6mwwwBDmxTaxnu9HMXmloNLXwnNO0ZxZ31Orah2n8lU1eMPvsaowP2CX+USCgyovXfdOFQ==

to-fast-properties@^2.0.0:
  version "2.0.0"
  resolved "https://registry.yarnpkg.com/to-fast-properties/-/to-fast-properties-2.0.0.tgz#dc5e698cbd079265bc73e0377681a4e4e83f616e"
  integrity sha1-3F5pjL0HkmW8c+A3doGk5Og/YW4=

ts-invariant@^0.6.0:
  version "0.6.0"
  resolved "https://registry.yarnpkg.com/ts-invariant/-/ts-invariant-0.6.0.tgz#44066ecfeb7a806ff1c3b0b283408a337a885412"
  integrity sha512-caoafsfgb8QxdrKzFfjKt627m4i8KTtfAiji0DYJfWI4A/S9ORNNpzYuD9br64kyKFgxn9UNaLLbSupam84mCA==
  dependencies:
    "@types/ungap__global-this" "^0.3.1"
    "@ungap/global-this" "^0.4.2"
    tslib "^1.9.3"

tslib@^1.10.0, tslib@^1.14.1, tslib@^1.9.3:
  version "1.14.1"
  resolved "https://registry.yarnpkg.com/tslib/-/tslib-1.14.1.tgz#cf2d38bdc34a134bcaf1091c41f6619e2f672d00"
  integrity sha512-Xni35NKzjgMrwevysHTCArtLDpPvye8zV/0E4EyYn43P7/7qvQwPh9BGkHewbMulVntbigmcT7rdX3BNo9wRJg==

tslib@^2.0.3:
  version "2.1.0"
  resolved "https://registry.yarnpkg.com/tslib/-/tslib-2.1.0.tgz#da60860f1c2ecaa5703ab7d39bc05b6bf988b97a"
  integrity sha512-hcVC3wYEziELGGmEEXue7D75zbwIIVUMWAVbHItGPx0ziyXxrOMQx4rQEVEV45Ut/1IotuEvwqPopzIOkDMf0A==

vue-demi@^0.4.0:
  version "0.4.5"
  resolved "https://registry.yarnpkg.com/vue-demi/-/vue-demi-0.4.5.tgz#ea422a4468cb6321a746826a368a770607f87791"
  integrity sha512-51xf1B6hV2PfjnzYHO/yUForFCRQ49KS8ngQb5T6l1HDEmfghTFtsxtRa5tbx4eqQsH76ll/0gIxuf1gei0ubw==

vue-demi@^0.6.0:
  version "0.6.0"
  resolved "https://registry.yarnpkg.com/vue-demi/-/vue-demi-0.6.0.tgz#e314282f704cb449119b9fd002cbbc0e39f591fe"
  integrity sha512-8GEJa0mHJpYJeGeq5fD1pJct2kfdl30PHfmL1NaJ97mgKPyKojlIRt/3inGBK4Y0ylCI6T5vOo3chwpqDOq/Hw==

vue@^3.0.5:
  version "3.0.5"
  resolved "https://registry.yarnpkg.com/vue/-/vue-3.0.5.tgz#de1b82eba24abfe71e0970fc9b8d4b2babdc3fe1"
  integrity sha512-TfaprOmtsAfhQau7WsomXZ8d9op/dkQLNIq8qPV3A0Vxs6GR5E+c1rfJS1SDkXRQj+dFyfnec7+U0Be1huiScg==
  dependencies:
    "@vue/compiler-dom" "3.0.5"
    "@vue/runtime-dom" "3.0.5"
    "@vue/shared" "3.0.5"

webpack-merge@^5.7.3:
  version "5.7.3"
  resolved "https://registry.yarnpkg.com/webpack-merge/-/webpack-merge-5.7.3.tgz#2a0754e1877a25a8bbab3d2475ca70a052708213"
  integrity sha512-6/JUQv0ELQ1igjGDzHkXbVDRxkfA57Zw7PfiupdLFJYrgFqY5ZP8xxbpp2lU3EPwYx89ht5Z/aDkD40hFCm5AA==
  dependencies:
    clone-deep "^4.0.1"
    wildcard "^2.0.0"

wildcard@^2.0.0:
  version "2.0.0"
  resolved "https://registry.yarnpkg.com/wildcard/-/wildcard-2.0.0.tgz#a77d20e5200c6faaac979e4b3aadc7b3dd7f8fec"
  integrity sha512-JcKqAHLPxcdb9KM49dufGXn2x3ssnfjbcaQdLlfZsL9rH9wgDQjUtDxbo8NE0F6SFvydeu1VhZe7hZuHsB2/pw==

zen-observable@^0.8.14:
  version "0.8.15"
  resolved "https://registry.yarnpkg.com/zen-observable/-/zen-observable-0.8.15.tgz#96415c512d8e3ffd920afd3889604e30b9eaac15"
  integrity sha512-PQ2PC7R9rslx84ndNBZB/Dkv8V8fZEpk83RLgXtYd0fwUgEjseMn1Dgajh2x6S8QbZAFa9p2qVCEuYZNgve0dQ==
